
Microsoft Visual Studio Solution File, Format Version 12.00
# Visual Studio Version 16
VisualStudioVersion = 16.0.30523.141
MinimumVisualStudioVersion = 10.0.40219.1
Project("{8BC9CEB8-8B4A-11D0-8D11-00A0C91BC942}") = "Project1", "Project1\Project1.vcxproj", "{7FA774CB-5377-49FE-81C2-9281D8AFA154}"
EndProject
Global
	GlobalSection(SolutionConfigurationPlatforms) = preSolution
		Debug|x64 = Debug|x64
		Debug|x86 = Debug|x86
		Release|x64 = Release|x64
		Release|x86 = Release|x86
	EndGlobalSection
	GlobalSection(ProjectConfigurationPlatforms) = postSolution
		{7FA774CB-5377-49FE-81C2-9281D8AFA154}.Debug|x64.ActiveCfg = Debug|x64
		{7FA774CB-5377-49FE-81C2-9281D8AFA154}.Debug|x64.Build.0 = Debug|x64
		{7FA774CB-5377-49FE-81C2-9281D8AFA154}.Debug|x86.ActiveCfg = Debug|Win32
		{7FA774CB-5377-49FE-81C2-9281D8AFA154}.Debug|x86.Build.0 = Debug|Win32
		{7FA774CB-5377-49FE-81C2-9281D8AFA154}.Release|x64.ActiveCfg = Release|x64
		{7FA774CB-5377-49FE-81C2-9281D8AFA154}.Release|x64.Build.0 = Release|x64
		{7FA774CB-5377-49FE-81C2-9281D8AFA154}.Release|x86.ActiveCfg = Release|Win32
		{7FA774CB-5377-49FE-81C2-9281D8AFA154}.Release|x86.Build.0 = Release|Win32
	EndGlobalSection
	GlobalSection(SolutionProperties) = preSolution
		HideSolutionNode = FALSE
	EndGlobalSection
	GlobalSection(ExtensibilityGlobals) = postSolution
		SolutionGuid = {F3146560-5CC7-443E-8050-C47749DE5D5D}
	EndGlobalSection
EndGlobal
